
Microsoft Visual Studio Solution File, Format Version 12.00
# Visual Studio Version 16
VisualStudioVersion = 16.0.30503.244
MinimumVisualStudioVersion = 10.0.40219.1
Project("{FAE04EC0-301F-11D3-BF4B-00C04F79EFBC}") = "IndianStatesCensusAnalyserProblem", "IndianStatesCensusAnalyserProblem\IndianStatesCensusAnalyserProblem.csproj", "{7778D99B-268D-4816-989A-6479F13A0498}"
EndProject
Global
	GlobalSection(SolutionConfigurationPlatforms) = preSolution
		Debug|Any CPU = Debug|Any CPU
		Release|Any CPU = Release|Any CPU
	EndGlobalSection
	GlobalSection(ProjectConfigurationPlatforms) = postSolution
		{7778D99B-268D-4816-989A-6479F13A0498}.Debug|Any CPU.ActiveCfg = Debug|Any CPU
		{7778D99B-268D-4816-989A-6479F13A0498}.Debug|Any CPU.Build.0 = Debug|Any CPU
		{7778D99B-268D-4816-989A-6479F13A0498}.Release|Any CPU.ActiveCfg = Release|Any CPU
		{7778D99B-268D-4816-989A-6479F13A0498}.Release|Any CPU.Build.0 = Release|Any CPU
	EndGlobalSection
	GlobalSection(SolutionProperties) = preSolution
		HideSolutionNode = FALSE
	EndGlobalSection
	GlobalSection(ExtensibilityGlobals) = postSolution
		SolutionGuid = {B780A0CA-FCA3-4D24-818F-57C2766E42E4}
	EndGlobalSection
EndGlobal
